{
  "object": {
    "pins": [
      {
        "package": "fdk-swift",
        "repositoryURL": "https://github.com/iliasaz/fdk-swift.git",
        "state": {
          "branch": "main",
          "revision": "ea097a3bf43c6f0f1afca776efc2f2522560f5d8",
          "version": null
        }
      },
      {
        "package": "swift-nio",
        "repositoryURL": "https://github.com/apple/swift-nio.git",
        "state": {
          "branch": null,
          "revision": "c3e2359c55cd8b47207ab7363b77c9c398a95294",
          "version": "2.23.0"
        }
      }
    ]
  },
  "version": 1
}
